
Microsoft Visual Studio Solution File, Format Version 12.00
# Visual Studio Version 17
VisualStudioVersion = 17.14.36811.4
MinimumVisualStudioVersion = 10.0.40219.1
Project("{FAE04EC0-301F-11D3-BF4B-00C04F79EFBC}") = "Create_one_room", "Slapjack_stress_test\Create_one_room.csproj", "{4CC7DB79-E6F1-4860-AC9B-AB9FC080D7CE}"
EndProject
Project("{FAE04EC0-301F-11D3-BF4B-00C04F79EFBC}") = "Create_matching_queue", "create_matching_queue\Create_matching_queue.csproj", "{38B5BD36-DBC7-4AB9-B008-B098979F0C53}"
EndProject
Global
	GlobalSection(SolutionConfigurationPlatforms) = preSolution
		Debug|Any CPU = Debug|Any CPU
		Release|Any CPU = Release|Any CPU
	EndGlobalSection
	GlobalSection(ProjectConfigurationPlatforms) = postSolution
		{4CC7DB79-E6F1-4860-AC9B-AB9FC080D7CE}.Debug|Any CPU.ActiveCfg = Debug|Any CPU
		{4CC7DB79-E6F1-4860-AC9B-AB9FC080D7CE}.Debug|Any CPU.Build.0 = Debug|Any CPU
		{4CC7DB79-E6F1-4860-AC9B-AB9FC080D7CE}.Release|Any CPU.ActiveCfg = Release|Any CPU
		{4CC7DB79-E6F1-4860-AC9B-AB9FC080D7CE}.Release|Any CPU.Build.0 = Release|Any CPU
		{38B5BD36-DBC7-4AB9-B008-B098979F0C53}.Debug|Any CPU.ActiveCfg = Debug|Any CPU
		{38B5BD36-DBC7-4AB9-B008-B098979F0C53}.Debug|Any CPU.Build.0 = Debug|Any CPU
		{38B5BD36-DBC7-4AB9-B008-B098979F0C53}.Release|Any CPU.ActiveCfg = Release|Any CPU
		{38B5BD36-DBC7-4AB9-B008-B098979F0C53}.Release|Any CPU.Build.0 = Release|Any CPU
	EndGlobalSection
	GlobalSection(SolutionProperties) = preSolution
		HideSolutionNode = FALSE
	EndGlobalSection
	GlobalSection(ExtensibilityGlobals) = postSolution
		SolutionGuid = {40D96AE2-AEC5-46D9-AE4F-E31B2499002B}
	EndGlobalSection
EndGlobal
